# This file is automatically @generated by Cargo.
# It is not intended for manual editing.
version = 3

[[package]]
name = "getopts"
version = "0.2.14"
source = "registry+https://github.com/rust-lang/crates.io-index"
checksum = "d9047cfbd08a437050b363d35ef160452c5fe8ea5187ae0a624708c91581d685"

[[package]]
name = "glob"
version = "0.2.11"
source = "registry+https://github.com/rust-lang/crates.io-index"
checksum = "8be18de09a56b60ed0edf84bc9df007e30040691af7acd1c41874faac5895bfb"

[[package]]
name = "greyhawk"
version = "0.0.1"
dependencies = [
 "getopts",
 "glob",
 "lazy_static",
 "peg",
 "yaml-rust",
]

[[package]]
name = "lazy_static"
version = "0.1.16"
source = "registry+https://github.com/rust-lang/crates.io-index"
checksum = "cf186d1a8aa5f5bee5fd662bc9c1b949e0259e1bcc379d1f006847b0080c7417"

[[package]]
name = "linked-hash-map"
version = "0.5.4"
source = "registry+https://github.com/rust-lang/crates.io-index"
checksum = "7fb9b38af92608140b86b693604b9ffcc5824240a484d1ecd4795bacb2fe88f3"

[[package]]
name = "peg"
version = "0.3.14"
source = "registry+https://github.com/rust-lang/crates.io-index"
checksum = "2b5eb263593c6dde7cebf6422e655e1b7fddd0827721c00c05ac0c964ebed4da"

[[package]]
name = "yaml-rust"
version = "0.4.1"
source = "registry+https://github.com/rust-lang/crates.io-index"
checksum = "fe0fad48adbecafa9588846b38af3f015ccaef0a79d92f9b2892dd310aa9f9e1"
dependencies = [
 "linked-hash-map",
]
